{
    "_readme": [
        "This file locks the dependencies of your project to a known state",
        "Read more about it at https://getcomposer.org/doc/01-basic-usage.md#installing-dependencies",
        "This file is @generated automatically"
    ],
    "content-hash": "9759d8d3f062c33e99d649cf32082fe3",
    "packages": [
        {
            "name": "diversen/console-padding",
            "version": "v2.0.0",
            "source": {
                "type": "git",
                "url": "https://github.com/diversen/console-padding.git",
                "reference": "6b6bf84d6f6e41e5b54efd44b05af70ac84f9edf"
            },
            "dist": {
                "type": "zip",
                "url": "https://api.github.com/repos/diversen/console-padding/zipball/6b6bf84d6f6e41e5b54efd44b05af70ac84f9edf",
                "reference": "6b6bf84d6f6e41e5b54efd44b05af70ac84f9edf",
                "shasum": ""
            },
            "type": "library",
            "autoload": {
                "psr-4": {
                    "Diversen\\": ""
                }
            },
            "notification-url": "https://packagist.org/downloads/",
            "license": [
                "MIT"
            ],
            "authors": [
                {
                    "name": "Dennis Iversen",
                    "email": "dennis.iversen@gmail.com"
                }
            ],
            "description": "Very basic console padding",
            "homepage": "http://github.com/diversen/console-padding",
            "keywords": [
                "console",
                "padding"
            ],
            "support": {
                "issues": "https://github.com/diversen/console-padding/issues",
                "source": "https://github.com/diversen/console-padding/tree/v2.0.0"
            },
            "time": "2022-06-25T10:47:48+00:00"
        },
        {
            "name": "php-parallel-lint/php-console-color",
            "version": "v1.0.1",
            "source": {
                "type": "git",
                "url": "https://github.com/php-parallel-lint/PHP-Console-Color.git",
                "reference": "7adfefd530aa2d7570ba87100a99e2483a543b88"
            },
            "dist": {
                "type": "zip",
                "url": "https://api.github.com/repos/php-parallel-lint/PHP-Console-Color/zipball/7adfefd530aa2d7570ba87100a99e2483a543b88",
                "reference": "7adfefd530aa2d7570ba87100a99e2483a543b88",
                "shasum": ""
            },
            "require": {
                "php": ">=5.3.2"
            },
            "replace": {
                "jakub-onderka/php-console-color": "*"
            },
            "require-dev": {
                "php-parallel-lint/php-code-style": "^2.0",
                "php-parallel-lint/php-parallel-lint": "^1.0",
                "php-parallel-lint/php-var-dump-check": "0.*",
                "phpunit/phpunit": "^4.8.36 || ^5.7.21 || ^6.0 || ^7.0 || ^8.0 || ^9.0"
            },
            "type": "library",
            "autoload": {
                "psr-4": {
                    "PHP_Parallel_Lint\\PhpConsoleColor\\": "src/"
                }
            },
            "notification-url": "https://packagist.org/downloads/",
            "license": [
                "BSD-2-Clause"
            ],
            "authors": [
                {
                    "name": "Jakub Onderka",
                    "email": "jakub.onderka@gmail.com"
                }
            ],
            "description": "Simple library for creating colored console ouput.",
            "support": {
                "issues": "https://github.com/php-parallel-lint/PHP-Console-Color/issues",
                "source": "https://github.com/php-parallel-lint/PHP-Console-Color/tree/v1.0.1"
            },
            "time": "2021-12-25T06:49:29+00:00"
        }
    ],
    "packages-dev": [],
    "aliases": [],
    "minimum-stability": "stable",
    "stability-flags": [],
    "prefer-stable": false,
    "prefer-lowest": false,
    "platform": [],
    "platform-dev": [],
    "plugin-api-version": "2.2.0"
}
